
Microsoft Visual Studio Solution File, Format Version 12.00
# Visual Studio Version 17
VisualStudioVersion = 17.10.35013.160
MinimumVisualStudioVersion = 10.0.40219.1
Project("{FAE04EC0-301F-11D3-BF4B-00C04F79EFBC}") = "Hw_11_30_SearchShop", "Hw_11_30_SearchShop\Hw_11_30_SearchShop.csproj", "{0F8FFD51-F4A9-463C-AC29-04CA0A9144E8}"
EndProject
Global
	GlobalSection(SolutionConfigurationPlatforms) = preSolution
		Debug|Any CPU = Debug|Any CPU
		Release|Any CPU = Release|Any CPU
	EndGlobalSection
	GlobalSection(ProjectConfigurationPlatforms) = postSolution
		{0F8FFD51-F4A9-463C-AC29-04CA0A9144E8}.Debug|Any CPU.ActiveCfg = Debug|Any CPU
		{0F8FFD51-F4A9-463C-AC29-04CA0A9144E8}.Debug|Any CPU.Build.0 = Debug|Any CPU
		{0F8FFD51-F4A9-463C-AC29-04CA0A9144E8}.Release|Any CPU.ActiveCfg = Release|Any CPU
		{0F8FFD51-F4A9-463C-AC29-04CA0A9144E8}.Release|Any CPU.Build.0 = Release|Any CPU
	EndGlobalSection
	GlobalSection(SolutionProperties) = preSolution
		HideSolutionNode = FALSE
	EndGlobalSection
	GlobalSection(ExtensibilityGlobals) = postSolution
		SolutionGuid = {8C7883B1-B5D2-41EE-AE36-EF87C95EDA98}
	EndGlobalSection
EndGlobal
